
Microsoft Visual Studio Solution File, Format Version 12.00
# Visual Studio Version 17
VisualStudioVersion = 17.9.34616.47
MinimumVisualStudioVersion = 10.0.40219.1
Project("{FAE04EC0-301F-11D3-BF4B-00C04F79EFBC}") = "SampleMVCProject", "SampleMVCProject\SampleMVCProject.csproj", "{936E0BA2-91DA-4D5E-85AB-95798E8FDD59}"
EndProject
Global
	GlobalSection(SolutionConfigurationPlatforms) = preSolution
		Debug|Any CPU = Debug|Any CPU
		Release|Any CPU = Release|Any CPU
	EndGlobalSection
	GlobalSection(ProjectConfigurationPlatforms) = postSolution
		{936E0BA2-91DA-4D5E-85AB-95798E8FDD59}.Debug|Any CPU.ActiveCfg = Debug|Any CPU
		{936E0BA2-91DA-4D5E-85AB-95798E8FDD59}.Debug|Any CPU.Build.0 = Debug|Any CPU
		{936E0BA2-91DA-4D5E-85AB-95798E8FDD59}.Release|Any CPU.ActiveCfg = Release|Any CPU
		{936E0BA2-91DA-4D5E-85AB-95798E8FDD59}.Release|Any CPU.Build.0 = Release|Any CPU
	EndGlobalSection
	GlobalSection(SolutionProperties) = preSolution
		HideSolutionNode = FALSE
	EndGlobalSection
	GlobalSection(ExtensibilityGlobals) = postSolution
		SolutionGuid = {336ECF15-6715-48F6-84E2-C8D11A2394E9}
	EndGlobalSection
EndGlobal
